
Microsoft Visual Studio Solution File, Format Version 12.00
# Visual Studio Version 17
VisualStudioVersion = 17.4.33213.308
MinimumVisualStudioVersion = 10.0.40219.1
Project("{FAE04EC0-301F-11D3-BF4B-00C04F79EFBC}") = "Explorer", "Explorer\Explorer.csproj", "{C1386E6E-C5DC-40A4-A787-0C5395D41359}"
EndProject
Global
	GlobalSection(SolutionConfigurationPlatforms) = preSolution
		Debug|Any CPU = Debug|Any CPU
		Release|Any CPU = Release|Any CPU
	EndGlobalSection
	GlobalSection(ProjectConfigurationPlatforms) = postSolution
		{C1386E6E-C5DC-40A4-A787-0C5395D41359}.Debug|Any CPU.ActiveCfg = Debug|Any CPU
		{C1386E6E-C5DC-40A4-A787-0C5395D41359}.Debug|Any CPU.Build.0 = Debug|Any CPU
		{C1386E6E-C5DC-40A4-A787-0C5395D41359}.Release|Any CPU.ActiveCfg = Release|Any CPU
		{C1386E6E-C5DC-40A4-A787-0C5395D41359}.Release|Any CPU.Build.0 = Release|Any CPU
	EndGlobalSection
	GlobalSection(SolutionProperties) = preSolution
		HideSolutionNode = FALSE
	EndGlobalSection
	GlobalSection(ExtensibilityGlobals) = postSolution
		SolutionGuid = {DAE7F9B7-80EF-4C92-83DF-72496187A55B}
	EndGlobalSection
EndGlobal
